
Microsoft Visual Studio Solution File, Format Version 12.00
# Visual Studio 14
VisualStudioVersion = 14.0.25420.1
MinimumVisualStudioVersion = 10.0.40219.1
Project("{FAE04EC0-301F-11D3-BF4B-00C04F79EFBC}") = "EvidenceFramePage", "EvidenceFramePage\EvidenceFramePage.csproj", "{2FC968F8-86E1-4109-89D1-5F95333F1861}"
EndProject
Global
	GlobalSection(SolutionConfigurationPlatforms) = preSolution
		Debug|Any CPU = Debug|Any CPU
		Release|Any CPU = Release|Any CPU
	EndGlobalSection
	GlobalSection(ProjectConfigurationPlatforms) = postSolution
		{2FC968F8-86E1-4109-89D1-5F95333F1861}.Debug|Any CPU.ActiveCfg = Debug|Any CPU
		{2FC968F8-86E1-4109-89D1-5F95333F1861}.Debug|Any CPU.Build.0 = Debug|Any CPU
		{2FC968F8-86E1-4109-89D1-5F95333F1861}.Release|Any CPU.ActiveCfg = Release|Any CPU
		{2FC968F8-86E1-4109-89D1-5F95333F1861}.Release|Any CPU.Build.0 = Release|Any CPU
	EndGlobalSection
	GlobalSection(SolutionProperties) = preSolution
		HideSolutionNode = FALSE
	EndGlobalSection
EndGlobal
